// !$*UTF8*$!
{
	archiveVersion = 1;
	classes = {
	};
	objectVersion = 46;
	objects = {

/* Begin PBXBuildFile section */
		C5CD42C713FF8826009C5741 /* UIKit.framework in Frameworks */ = {isa = PBXBuildFile; fileRef = C5CD42C613FF8826009C5741 /* UIKit.framework */; };
		C5CD42C913FF8826009C5741 /* Foundation.framework in Frameworks */ = {isa = PBXBuildFile; fileRef = C5CD42C813FF8826009C5741 /* Foundation.framework */; };
		C5CD42CB13FF8826009C5741 /* CoreGraphics.framework in Frameworks */ = {isa = PBXBuildFile; fileRef = C5CD42CA13FF8826009C5741 /* CoreGraphics.framework */; };
		C5CD42CD13FF8826009C5741 /* CoreData.framework in Frameworks */ = {isa = PBXBuildFile; fileRef = C5CD42CC13FF8826009C5741 /* CoreData.framework */; };
		C5CD42D313FF8826009C5741 /* InfoPlist.strings in Resources */ = {isa = PBXBuildFile; fileRef = C5CD42D113FF8826009C5741 /* InfoPlist.strings */; };
		C5CD42D513FF8826009C5741 /* main.m in Sources */ = {isa = PBXBuildFile; fileRef = C5CD42D413FF8826009C5741 /* main.m */; };
		C5CD42D913FF8826009C5741 /* iSignalAppDelegate.m in Sources */ = {isa = PBXBuildFile; fileRef = C5CD42D813FF8826009C5741 /* iSignalAppDelegate.m */; };
		C5CD42DC13FF8826009C5741 /* MainWindow.xib in Resources */ = {isa = PBXBuildFile; fileRef = C5CD42DA13FF8826009C5741 /* MainWindow.xib */; };
		C5CD42DF13FF8826009C5741 /* iSignal.xcdatamodeld in Sources */ = {isa = PBXBuildFile; fileRef = C5CD42DD13FF8826009C5741 /* iSignal.xcdatamodeld */; };
/* End PBXBuildFile section */

/* Begin PBXFileReference section */
		C5CD42C213FF8826009C5741 /* iSignal.app */ = {isa = PBXFileReference; explicitFileType = wrapper.application; includeInIndex = 0; path = iSignal.app; sourceTree = BUILT_PRODUCTS_DIR; };
		C5CD42C613FF8826009C5741 /* UIKit.framework */ = {isa = PBXFileReference; lastKnownFileType = wrapper.framework; name = UIKit.framework; path = System/Library/Frameworks/UIKit.framework; sourceTree = SDKROOT; };
		C5CD42C813FF8826009C5741 /* Foundation.framework */ = {isa = PBXFileReference; lastKnownFileType = wrapper.framework; name = Foundation.framework; path = System/Library/Frameworks/Foundation.framework; sourceTree = SDKROOT; };
		C5CD42CA13FF8826009C5741 /* CoreGraphics.framework */ = {isa = PBXFileReference; lastKnownFileType = wrapper.framework; name = CoreGraphics.framework; path = System/Library/Frameworks/CoreGraphics.framework; sourceTree = SDKROOT; };
		C5CD42CC13FF8826009C5741 /* CoreData.framework */ = {isa = PBXFileReference; lastKnownFileType = wrapper.framework; name = CoreData.framework; path = System/Library/Frameworks/CoreData.framework; sourceTree = SDKROOT; };
		C5CD42D013FF8826009C5741 /* iSignal-Info.plist */ = {isa = PBXFileReference; lastKnownFileType = text.plist.xml; path = "iSignal-Info.plist"; sourceTree = "<group>"; };
		C5CD42D213FF8826009C5741 /* en */ = {isa = PBXFileReference; lastKnownFileType = text.plist.strings; name = en; path = en.lproj/InfoPlist.strings; sourceTree = "<group>"; };
		C5CD42D413FF8826009C5741 /* main.m */ = {isa = PBXFileReference; lastKnownFileType = sourcecode.c.objc; path = main.m; sourceTree = "<group>"; };
		C5CD42D613FF8826009C5741 /* iSignal-Prefix.pch */ = {isa = PBXFileReference; lastKnownFileType = sourcecode.c.h; path = "iSignal-Prefix.pch"; sourceTree = "<group>"; };
		C5CD42D713FF8826009C5741 /* iSignalAppDelegate.h */ = {isa = PBXFileReference; lastKnownFileType = sourcecode.c.h; path = iSignalAppDelegate.h; sourceTree = "<group>"; };
		C5CD42D813FF8826009C5741 /* iSignalAppDelegate.m */ = {isa = PBXFileReference; lastKnownFileType = sourcecode.c.objc; path = iSignalAppDelegate.m; sourceTree = "<group>"; };
		C5CD42DB13FF8826009C5741 /* en */ = {isa = PBXFileReference; lastKnownFileType = file.xib; name = en; path = en.lproj/MainWindow.xib; sourceTree = "<group>"; };
		C5CD42DE13FF8826009C5741 /* iSignal.xcdatamodel */ = {isa = PBXFileReference; lastKnownFileType = wrapper.xcdatamodel; path = iSignal.xcdatamodel; sourceTree = "<group>"; };
/* End PBXFileReference section */

/* Begin PBXFrameworksBuildPhase section */
		C5CD42BF13FF8826009C5741 /* Frameworks */ = {
			isa = PBXFrameworksBuildPhase;
			buildActionMask = 2147483647;
			files = (
				C5CD42C713FF8826009C5741 /* UIKit.framework in Frameworks */,
				C5CD42C913FF8826009C5741 /* Foundation.framework in Frameworks */,
				C5CD42CB13FF8826009C5741 /* CoreGraphics.framework in Frameworks */,
				C5CD42CD13FF8826009C5741 /* CoreData.framework in Frameworks */,
			);
			runOnlyForDeploymentPostprocessing = 0;
		};
/* End PBXFrameworksBuildPhase section */

/* Begin PBXGroup section */
		C5CD42B713FF8826009C5741 = {
			isa = PBXGroup;
			children = (
				C5CD42CE13FF8826009C5741 /* iSignal */,
				C5CD42C513FF8826009C5741 /* Frameworks */,
				C5CD42C313FF8826009C5741 /* Products */,
			);
			sourceTree = "<group>";
		};
		C5CD42C313FF8826009C5741 /* Products */ = {
			isa = PBXGroup;
			children = (
				C5CD42C213FF8826009C5741 /* iSignal.app */,
			);
			name = Products;
			sourceTree = "<group>";
		};
		C5CD42C513FF8826009C5741 /* Frameworks */ = {
			isa = PBXGroup;
			children = (
				C5CD42C613FF8826009C5741 /* UIKit.framework */,
				C5CD42C813FF8826009C5741 /* Foundation.framework */,
				C5CD42CA13FF8826009C5741 /* CoreGraphics.framework */,
				C5CD42CC13FF8826009C5741 /* CoreData.framework */,
			);
			name = Frameworks;
			sourceTree = "<group>";
		};
		C5CD42CE13FF8826009C5741 /* iSignal */ = {
			isa = PBXGroup;
			children = (
				C5CD42E513FF886F009C5741 /* Header Files */,
				C5CD42E613FF8879009C5741 /* UI Files */,
				C5CD42D813FF8826009C5741 /* iSignalAppDelegate.m */,
				C5CD42DD13FF8826009C5741 /* iSignal.xcdatamodeld */,
				C5CD42CF13FF8826009C5741 /* Supporting Files */,
			);
			path = iSignal;
			sourceTree = "<group>";
		};
		C5CD42CF13FF8826009C5741 /* Supporting Files */ = {
			isa = PBXGroup;
			children = (
				C5CD42D013FF8826009C5741 /* iSignal-Info.plist */,
				C5CD42D113FF8826009C5741 /* InfoPlist.strings */,
				C5CD42D413FF8826009C5741 /* main.m */,
				C5CD42D613FF8826009C5741 /* iSignal-Prefix.pch */,
			);
			name = "Supporting Files";
			sourceTree = "<group>";
		};
		C5CD42E513FF886F009C5741 /* Header Files */ = {
			isa = PBXGroup;
			children = (
				C5CD42D713FF8826009C5741 /* iSignalAppDelegate.h */,
			);
			name = "Header Files";
			sourceTree = "<group>";
		};
		C5CD42E613FF8879009C5741 /* UI Files */ = {
			isa = PBXGroup;
			children = (
				C5CD42DA13FF8826009C5741 /* MainWindow.xib */,
			);
			name = "UI Files";
			sourceTree = "<group>";
		};
/* End PBXGroup section */

/* Begin PBXNativeTarget section */
		C5CD42C113FF8826009C5741 /* iSignal */ = {
			isa = PBXNativeTarget;
			buildConfigurationList = C5CD42E213FF8826009C5741 /* Build configuration list for PBXNativeTarget "iSignal" */;
			buildPhases = (
				C5CD42BE13FF8826009C5741 /* Sources */,
				C5CD42BF13FF8826009C5741 /* Frameworks */,
				C5CD42C013FF8826009C5741 /* Resources */,
			);
			buildRules = (
			);
			dependencies = (
			);
			name = iSignal;
			productName = iSignal;
			productReference = C5CD42C213FF8826009C5741 /* iSignal.app */;
			productType = "com.apple.product-type.application";
		};
/* End PBXNativeTarget section */

/* Begin PBXProject section */
		C5CD42B913FF8826009C5741 /* Project object */ = {
			isa = PBXProject;
			attributes = {
				ORGANIZATIONNAME = CodeAnimal;
			};
			buildConfigurationList = C5CD42BC13FF8826009C5741 /* Build configuration list for PBXProject "iSignal" */;
			compatibilityVersion = "Xcode 3.2";
			developmentRegion = English;
			hasScannedForEncodings = 0;
			knownRegions = (
				en,
			);
			mainGroup = C5CD42B713FF8826009C5741;
			productRefGroup = C5CD42C313FF8826009C5741 /* Products */;
			projectDirPath = "";
			projectRoot = "";
			targets = (
				C5CD42C113FF8826009C5741 /* iSignal */,
			);
		};
/* End PBXProject section */

/* Begin PBXResourcesBuildPhase section */
		C5CD42C013FF8826009C5741 /* Resources */ = {
			isa = PBXResourcesBuildPhase;
			buildActionMask = 2147483647;
			files = (
				C5CD42D313FF8826009C5741 /* InfoPlist.strings in Resources */,
				C5CD42DC13FF8826009C5741 /* MainWindow.xib in Resources */,
			);
			runOnlyForDeploymentPostprocessing = 0;
		};
/* End PBXResourcesBuildPhase section */

/* Begin PBXSourcesBuildPhase section */
		C5CD42BE13FF8826009C5741 /* Sources */ = {
			isa = PBXSourcesBuildPhase;
			buildActionMask = 2147483647;
			files = (
				C5CD42D513FF8826009C5741 /* main.m in Sources */,
				C5CD42D913FF8826009C5741 /* iSignalAppDelegate.m in Sources */,
				C5CD42DF13FF8826009C5741 /* iSignal.xcdatamodeld in Sources */,
			);
			runOnlyForDeploymentPostprocessing = 0;
		};
/* End PBXSourcesBuildPhase section */

/* Begin PBXVariantGroup section */
		C5CD42D113FF8826009C5741 /* InfoPlist.strings */ = {
			isa = PBXVariantGroup;
			children = (
				C5CD42D213FF8826009C5741 /* en */,
			);
			name = InfoPlist.strings;
			sourceTree = "<group>";
		};
		C5CD42DA13FF8826009C5741 /* MainWindow.xib */ = {
			isa = PBXVariantGroup;
			children = (
				C5CD42DB13FF8826009C5741 /* en */,
			);
			name = MainWindow.xib;
			sourceTree = "<group>";
		};
/* End PBXVariantGroup section */

/* Begin XCBuildConfiguration section */
		C5CD42E013FF8826009C5741 /* Debug */ = {
			isa = XCBuildConfiguration;
			buildSettings = {
				ALWAYS_SEARCH_USER_PATHS = NO;
				ARCHS = "$(ARCHS_STANDARD_32_BIT)";
				"CODE_SIGN_IDENTITY[sdk=iphoneos*]" = "iPhone Developer";
				COPY_PHASE_STRIP = NO;
				GCC_C_LANGUAGE_STANDARD = gnu99;
				GCC_DYNAMIC_NO_PIC = NO;
				GCC_OPTIMIZATION_LEVEL = 0;
				GCC_PREPROCESSOR_DEFINITIONS = (
					"DEBUG=1",
					"$(inherited)",
				);
				GCC_SYMBOLS_PRIVATE_EXTERN = NO;
				GCC_VERSION = com.apple.compilers.llvmgcc42;
				GCC_WARN_ABOUT_MISSING_PROTOTYPES = YES;
				GCC_WARN_ABOUT_RETURN_TYPE = YES;
				GCC_WARN_UNUSED_VARIABLE = YES;
				IPHONEOS_DEPLOYMENT_TARGET = 4.3;
				SDKROOT = iphoneos;
			};
			name = Debug;
		};
		C5CD42E113FF8826009C5741 /* Release */ = {
			isa = XCBuildConfiguration;
			buildSettings = {
				ALWAYS_SEARCH_USER_PATHS = NO;
				ARCHS = "$(ARCHS_STANDARD_32_BIT)";
				"CODE_SIGN_IDENTITY[sdk=iphoneos*]" = "iPhone Developer";
				COPY_PHASE_STRIP = YES;
				GCC_C_LANGUAGE_STANDARD = gnu99;
				GCC_VERSION = com.apple.compilers.llvmgcc42;
				GCC_WARN_ABOUT_MISSING_PROTOTYPES = YES;
				GCC_WARN_ABOUT_RETURN_TYPE = YES;
				GCC_WARN_UNUSED_VARIABLE = YES;
				IPHONEOS_DEPLOYMENT_TARGET = 4.3;
				OTHER_CFLAGS = "-DNS_BLOCK_ASSERTIONS=1";
				SDKROOT = iphoneos;
				VALIDATE_PRODUCT = YES;
			};
			name = Release;
		};
		C5CD42E313FF8826009C5741 /* Debug */ = {
			isa = XCBuildConfiguration;
			buildSettings = {
				GCC_PRECOMPILE_PREFIX_HEADER = YES;
				GCC_PREFIX_HEADER = "iSignal/iSignal-Prefix.pch";
				INFOPLIST_FILE = "iSignal/iSignal-Info.plist";
				PRODUCT_NAME = "$(TARGET_NAME)";
				WRAPPER_EXTENSION = app;
			};
			name = Debug;
		};
		C5CD42E413FF8826009C5741 /* Release */ = {
			isa = XCBuildConfiguration;
			buildSettings = {
				GCC_PRECOMPILE_PREFIX_HEADER = YES;
				GCC_PREFIX_HEADER = "iSignal/iSignal-Prefix.pch";
				INFOPLIST_FILE = "iSignal/iSignal-Info.plist";
				PRODUCT_NAME = "$(TARGET_NAME)";
				WRAPPER_EXTENSION = app;
			};
			name = Release;
		};
/* End XCBuildConfiguration section */

/* Begin XCConfigurationList section */
		C5CD42BC13FF8826009C5741 /* Build configuration list for PBXProject "iSignal" */ = {
			isa = XCConfigurationList;
			buildConfigurations = (
				C5CD42E013FF8826009C5741 /* Debug */,
				C5CD42E113FF8826009C5741 /* Release */,
			);
			defaultConfigurationIsVisible = 0;
			defaultConfigurationName = Release;
		};
		C5CD42E213FF8826009C5741 /* Build configuration list for PBXNativeTarget "iSignal" */ = {
			isa = XCConfigurationList;
			buildConfigurations = (
				C5CD42E313FF8826009C5741 /* Debug */,
				C5CD42E413FF8826009C5741 /* Release */,
			);
			defaultConfigurationIsVisible = 0;
		};
/* End XCConfigurationList section */

/* Begin XCVersionGroup section */
		C5CD42DD13FF8826009C5741 /* iSignal.xcdatamodeld */ = {
			isa = XCVersionGroup;
			children = (
				C5CD42DE13FF8826009C5741 /* iSignal.xcdatamodel */,
			);
			currentVersion = C5CD42DE13FF8826009C5741 /* iSignal.xcdatamodel */;
			path = iSignal.xcdatamodeld;
			sourceTree = "<group>";
			versionGroupType = wrapper.xcdatamodel;
		};
/* End XCVersionGroup section */
	};
	rootObject = C5CD42B913FF8826009C5741 /* Project object */;
}
