// !$*UTF8*$!
{
	archiveVersion = 1;
	classes = {
	};
	objectVersion = 46;
	objects = {

/* Begin PBXBuildFile section */
		C500B6C114F220C500B5FBEA /* SignalRecord.m in Sources */ = {isa = PBXBuildFile; fileRef = C500B6C014F220C500B5FBEA /* SignalRecord.m */; };
		C5027275140A2BA40013175B /* ISAppConfigs.m in Sources */ = {isa = PBXBuildFile; fileRef = C5027274140A2BA40013175B /* ISAppConfigs.m */; };
		C50F9D6B1409E44B000589BB /* iSignal.png in Resources */ = {isa = PBXBuildFile; fileRef = C591DDBD1407810700CB2C63 /* iSignal.png */; };
		C50F9D6C1409E450000589BB /* iSignalX2.png in Resources */ = {isa = PBXBuildFile; fileRef = C591DDBE1407810700CB2C63 /* iSignalX2.png */; };
		C52871AB14FF09F500B0630A /* Star128Gold.png in Resources */ = {isa = PBXBuildFile; fileRef = C52871A714FF09F500B0630A /* Star128Gold.png */; };
		C52871AC14FF09F500B0630A /* Star128Gray.png in Resources */ = {isa = PBXBuildFile; fileRef = C52871A814FF09F500B0630A /* Star128Gray.png */; };
		C52871AD14FF09F500B0630A /* Star128Black.png in Resources */ = {isa = PBXBuildFile; fileRef = C52871A914FF09F500B0630A /* Star128Black.png */; };
		C52871AE14FF09F500B0630A /* noSignal256.png in Resources */ = {isa = PBXBuildFile; fileRef = C52871AA14FF09F500B0630A /* noSignal256.png */; };
		C52D7C991406481F00B7B0DA /* CBTelephonyUtils.m in Sources */ = {isa = PBXBuildFile; fileRef = C52D7C981406481F00B7B0DA /* CBTelephonyUtils.m */; };
		C531221D140B18560046CD7F /* signalLost.caf in Resources */ = {isa = PBXBuildFile; fileRef = C531221C140B18560046CD7F /* signalLost.caf */; };
		C53386E01419A3D20000A553 /* ISCoreDataManager.m in Sources */ = {isa = PBXBuildFile; fileRef = C53386DF1419A3D20000A553 /* ISCoreDataManager.m */; };
		C540250E140F74CD0047ABE3 /* ISMapViewController.m in Sources */ = {isa = PBXBuildFile; fileRef = C540250C140F74CD0047ABE3 /* ISMapViewController.m */; };
		C540250F140F74CD0047ABE3 /* ISMapViewController.xib in Resources */ = {isa = PBXBuildFile; fileRef = C540250D140F74CD0047ABE3 /* ISMapViewController.xib */; };
		C547B44C1409D3690037B63F /* ISConfigSwitcherCell.m in Sources */ = {isa = PBXBuildFile; fileRef = C547B44B1409D3690037B63F /* ISConfigSwitcherCell.m */; };
		C547B44F1409D3C70037B63F /* ISConfigSwitcherCell.xib in Resources */ = {isa = PBXBuildFile; fileRef = C547B44E1409D3C70037B63F /* ISConfigSwitcherCell.xib */; };
		C569E3BD14068B7700BE938D /* AVFoundation.framework in Frameworks */ = {isa = PBXBuildFile; fileRef = C569E3BC14068B7700BE938D /* AVFoundation.framework */; };
		C569E3C014068B7F00BE938D /* AudioToolbox.framework in Frameworks */ = {isa = PBXBuildFile; fileRef = C569E3BF14068B7F00BE938D /* AudioToolbox.framework */; };
		C569E3DC14072B5B00BE938D /* ISSplashViewController.m in Sources */ = {isa = PBXBuildFile; fileRef = C569E3DA14072B5B00BE938D /* ISSplashViewController.m */; };
		C569E3DD14072B5B00BE938D /* ISSplashViewController.xib in Resources */ = {isa = PBXBuildFile; fileRef = C569E3DB14072B5B00BE938D /* ISSplashViewController.xib */; };
		C56F97DC141065F5002FC302 /* ISRecordsViewController.xib in Resources */ = {isa = PBXBuildFile; fileRef = C56F97D9141065F5002FC302 /* ISRecordsViewController.xib */; };
		C56F97DD141065F5002FC302 /* ISRecordsViewController.m in Sources */ = {isa = PBXBuildFile; fileRef = C56F97DA141065F5002FC302 /* ISRecordsViewController.m */; };
		C572065A140E602C00FD108F /* ISConfigViewController.m in Sources */ = {isa = PBXBuildFile; fileRef = C5720659140E602C00FD108F /* ISConfigViewController.m */; };
		C572066A140E60DA00FD108F /* ISFloatingViewController.xib in Resources */ = {isa = PBXBuildFile; fileRef = C5720665140E60D900FD108F /* ISFloatingViewController.xib */; };
		C572066B140E60DA00FD108F /* ISFloatingViewController.m in Sources */ = {isa = PBXBuildFile; fileRef = C5720666140E60D900FD108F /* ISFloatingViewController.m */; };
		C572066D140E66DD00FD108F /* ISSwitchViewController.xib in Resources */ = {isa = PBXBuildFile; fileRef = C572066C140E66DD00FD108F /* ISSwitchViewController.xib */; };
		C57329C3140096B40061D973 /* ISHomeViewController.m in Sources */ = {isa = PBXBuildFile; fileRef = C57329C1140096B40061D973 /* ISHomeViewController.m */; };
		C57329C4140096B40061D973 /* ISHomeViewController.xib in Resources */ = {isa = PBXBuildFile; fileRef = C57329C2140096B40061D973 /* ISHomeViewController.xib */; };
		C57329C914009A2F0061D973 /* ISConfigViewController.xib in Resources */ = {isa = PBXBuildFile; fileRef = C57329C714009A2F0061D973 /* ISConfigViewController.xib */; };
		C573E5A6140355BF00BB24B3 /* CBMathUtils.m in Sources */ = {isa = PBXBuildFile; fileRef = C573E5A5140355BF00BB24B3 /* CBMathUtils.m */; };
		C573E5BF1403A91500BB24B3 /* Localizable.strings in Resources */ = {isa = PBXBuildFile; fileRef = C573E5BD1403A91500BB24B3 /* Localizable.strings */; };
		C5882A8C140240F900EC29A6 /* CBEnvironmentUtils.m in Sources */ = {isa = PBXBuildFile; fileRef = C5882A8B140240F900EC29A6 /* CBEnvironmentUtils.m */; };
		C5882A9714027EA700EC29A6 /* Requiremens.rtf in Resources */ = {isa = PBXBuildFile; fileRef = C5882A9614027EA700EC29A6 /* Requiremens.rtf */; };
		C5882A9C14032E9D00EC29A6 /* ISDummyTelephony.m in Sources */ = {isa = PBXBuildFile; fileRef = C5882A9B14032E9D00EC29A6 /* ISDummyTelephony.m */; };
		C591DDC21407840F00CB2C63 /* Star32.png in Resources */ = {isa = PBXBuildFile; fileRef = C591DDC11407840F00CB2C63 /* Star32.png */; };
		C591DDC41407846600CB2C63 /* Star32Highlight.png in Resources */ = {isa = PBXBuildFile; fileRef = C591DDC31407846600CB2C63 /* Star32Highlight.png */; };
		C5B66186140CFE92000B1F74 /* CBLocationManager.m in Sources */ = {isa = PBXBuildFile; fileRef = C5B66185140CFE92000B1F74 /* CBLocationManager.m */; };
		C5B66189140D0249000B1F74 /* CoreLocation.framework in Frameworks */ = {isa = PBXBuildFile; fileRef = C5B66188140D0249000B1F74 /* CoreLocation.framework */; };
		C5B758231401E485004A051E /* CBUIUtils.m in Sources */ = {isa = PBXBuildFile; fileRef = C5B758221401E485004A051E /* CBUIUtils.m */; };
		C5BAED85140153B100141ED7 /* ISSwitchViewController.m in Sources */ = {isa = PBXBuildFile; fileRef = C5BAED83140153B100141ED7 /* ISSwitchViewController.m */; };
		C5BD38F8141EEF2200A1D4E6 /* CBFetchedResultsControllerIdentifier.m in Sources */ = {isa = PBXBuildFile; fileRef = C5BD38F7141EEF2200A1D4E6 /* CBFetchedResultsControllerIdentifier.m */; };
		C5BEB01B1400C32F0083A86A /* ISHelpViewController.m in Sources */ = {isa = PBXBuildFile; fileRef = C5BEB0191400C32F0083A86A /* ISHelpViewController.m */; };
		C5BEB01C1400C32F0083A86A /* ISHelpViewController.xib in Resources */ = {isa = PBXBuildFile; fileRef = C5BEB01A1400C32F0083A86A /* ISHelpViewController.xib */; };
		C5CD004714EFEC5000FC0D02 /* ISMapAnnotation.m in Sources */ = {isa = PBXBuildFile; fileRef = C5CD004614EFEC5000FC0D02 /* ISMapAnnotation.m */; };
		C5CD42C713FF8826009C5741 /* UIKit.framework in Frameworks */ = {isa = PBXBuildFile; fileRef = C5CD42C613FF8826009C5741 /* UIKit.framework */; };
		C5CD42C913FF8826009C5741 /* Foundation.framework in Frameworks */ = {isa = PBXBuildFile; fileRef = C5CD42C813FF8826009C5741 /* Foundation.framework */; };
		C5CD42CB13FF8826009C5741 /* CoreGraphics.framework in Frameworks */ = {isa = PBXBuildFile; fileRef = C5CD42CA13FF8826009C5741 /* CoreGraphics.framework */; };
		C5CD42CD13FF8826009C5741 /* CoreData.framework in Frameworks */ = {isa = PBXBuildFile; fileRef = C5CD42CC13FF8826009C5741 /* CoreData.framework */; };
		C5CD42D313FF8826009C5741 /* InfoPlist.strings in Resources */ = {isa = PBXBuildFile; fileRef = C5CD42D113FF8826009C5741 /* InfoPlist.strings */; };
		C5CD42D513FF8826009C5741 /* main.m in Sources */ = {isa = PBXBuildFile; fileRef = C5CD42D413FF8826009C5741 /* main.m */; };
		C5CD42D913FF8826009C5741 /* iSignalAppDelegate.m in Sources */ = {isa = PBXBuildFile; fileRef = C5CD42D813FF8826009C5741 /* iSignalAppDelegate.m */; };
		C5CD42DC13FF8826009C5741 /* MainWindow.xib in Resources */ = {isa = PBXBuildFile; fileRef = C5CD42DA13FF8826009C5741 /* MainWindow.xib */; };
		C5CD42DF13FF8826009C5741 /* iSignal.xcdatamodeld in Sources */ = {isa = PBXBuildFile; fileRef = C5CD42DD13FF8826009C5741 /* iSignal.xcdatamodeld */; };
		C5E5D77214EBE786007E0F2D /* CBDateUtils.m in Sources */ = {isa = PBXBuildFile; fileRef = C5E5D77114EBE786007E0F2D /* CBDateUtils.m */; };
		C5E6C8BC140F2D9400D81647 /* MapKit.framework in Frameworks */ = {isa = PBXBuildFile; fileRef = C5E6C8BB140F2D9400D81647 /* MapKit.framework */; };
/* End PBXBuildFile section */

/* Begin PBXFileReference section */
		C500B6BF14F220C500B5FBEA /* SignalRecord.h */ = {isa = PBXFileReference; fileEncoding = 4; lastKnownFileType = sourcecode.c.h; path = SignalRecord.h; sourceTree = "<group>"; };
		C500B6C014F220C500B5FBEA /* SignalRecord.m */ = {isa = PBXFileReference; fileEncoding = 4; lastKnownFileType = sourcecode.c.objc; path = SignalRecord.m; sourceTree = "<group>"; };
		C5027274140A2BA40013175B /* ISAppConfigs.m */ = {isa = PBXFileReference; fileEncoding = 4; lastKnownFileType = sourcecode.c.objc; lineEnding = 0; path = ISAppConfigs.m; sourceTree = "<group>"; xcLanguageSpecificationIdentifier = xcode.lang.objc; };
		C50F9D75140A1FA9000589BB /* ISAppConfigs.h */ = {isa = PBXFileReference; fileEncoding = 4; lastKnownFileType = sourcecode.c.h; lineEnding = 0; path = ISAppConfigs.h; sourceTree = "<group>"; xcLanguageSpecificationIdentifier = xcode.lang.objcpp; };
		C52871A714FF09F500B0630A /* Star128Gold.png */ = {isa = PBXFileReference; lastKnownFileType = image.png; path = Star128Gold.png; sourceTree = "<group>"; };
		C52871A814FF09F500B0630A /* Star128Gray.png */ = {isa = PBXFileReference; lastKnownFileType = image.png; path = Star128Gray.png; sourceTree = "<group>"; };
		C52871A914FF09F500B0630A /* Star128Black.png */ = {isa = PBXFileReference; lastKnownFileType = image.png; path = Star128Black.png; sourceTree = "<group>"; };
		C52871AA14FF09F500B0630A /* noSignal256.png */ = {isa = PBXFileReference; lastKnownFileType = image.png; path = noSignal256.png; sourceTree = "<group>"; };
		C52D7C971406481F00B7B0DA /* CBTelephonyUtils.h */ = {isa = PBXFileReference; fileEncoding = 4; lastKnownFileType = sourcecode.c.h; path = CBTelephonyUtils.h; sourceTree = "<group>"; };
		C52D7C981406481F00B7B0DA /* CBTelephonyUtils.m */ = {isa = PBXFileReference; fileEncoding = 4; lastKnownFileType = sourcecode.c.objc; path = CBTelephonyUtils.m; sourceTree = "<group>"; };
		C531221C140B18560046CD7F /* signalLost.caf */ = {isa = PBXFileReference; lastKnownFileType = file; path = signalLost.caf; sourceTree = SOURCE_ROOT; };
		C53386DE1419A3D20000A553 /* ISCoreDataManager.h */ = {isa = PBXFileReference; fileEncoding = 4; lastKnownFileType = sourcecode.c.h; lineEnding = 0; path = ISCoreDataManager.h; sourceTree = "<group>"; xcLanguageSpecificationIdentifier = xcode.lang.objcpp; };
		C53386DF1419A3D20000A553 /* ISCoreDataManager.m */ = {isa = PBXFileReference; fileEncoding = 4; lastKnownFileType = sourcecode.c.objc; lineEnding = 0; path = ISCoreDataManager.m; sourceTree = "<group>"; xcLanguageSpecificationIdentifier = xcode.lang.objc; };
		C540250B140F74CD0047ABE3 /* ISMapViewController.h */ = {isa = PBXFileReference; fileEncoding = 4; lastKnownFileType = sourcecode.c.h; path = ISMapViewController.h; sourceTree = "<group>"; };
		C540250C140F74CD0047ABE3 /* ISMapViewController.m */ = {isa = PBXFileReference; fileEncoding = 4; lastKnownFileType = sourcecode.c.objc; path = ISMapViewController.m; sourceTree = "<group>"; };
		C540250D140F74CD0047ABE3 /* ISMapViewController.xib */ = {isa = PBXFileReference; fileEncoding = 4; lastKnownFileType = file.xib; path = ISMapViewController.xib; sourceTree = "<group>"; };
		C547B44A1409D3690037B63F /* ISConfigSwitcherCell.h */ = {isa = PBXFileReference; fileEncoding = 4; lastKnownFileType = sourcecode.c.h; lineEnding = 0; path = ISConfigSwitcherCell.h; sourceTree = "<group>"; xcLanguageSpecificationIdentifier = xcode.lang.objcpp; };
		C547B44B1409D3690037B63F /* ISConfigSwitcherCell.m */ = {isa = PBXFileReference; fileEncoding = 4; lastKnownFileType = sourcecode.c.objc; lineEnding = 0; path = ISConfigSwitcherCell.m; sourceTree = "<group>"; xcLanguageSpecificationIdentifier = xcode.lang.objc; };
		C547B44E1409D3C70037B63F /* ISConfigSwitcherCell.xib */ = {isa = PBXFileReference; fileEncoding = 4; lastKnownFileType = file.xib; path = ISConfigSwitcherCell.xib; sourceTree = "<group>"; };
		C569E3BC14068B7700BE938D /* AVFoundation.framework */ = {isa = PBXFileReference; lastKnownFileType = wrapper.framework; name = AVFoundation.framework; path = System/Library/Frameworks/AVFoundation.framework; sourceTree = SDKROOT; };
		C569E3BF14068B7F00BE938D /* AudioToolbox.framework */ = {isa = PBXFileReference; lastKnownFileType = wrapper.framework; name = AudioToolbox.framework; path = System/Library/Frameworks/AudioToolbox.framework; sourceTree = SDKROOT; };
		C569E3D914072B5B00BE938D /* ISSplashViewController.h */ = {isa = PBXFileReference; fileEncoding = 4; lastKnownFileType = sourcecode.c.h; path = ISSplashViewController.h; sourceTree = "<group>"; };
		C569E3DA14072B5B00BE938D /* ISSplashViewController.m */ = {isa = PBXFileReference; fileEncoding = 4; lastKnownFileType = sourcecode.c.objc; path = ISSplashViewController.m; sourceTree = "<group>"; };
		C569E3DB14072B5B00BE938D /* ISSplashViewController.xib */ = {isa = PBXFileReference; fileEncoding = 4; lastKnownFileType = file.xib; path = ISSplashViewController.xib; sourceTree = "<group>"; };
		C56F97D9141065F5002FC302 /* ISRecordsViewController.xib */ = {isa = PBXFileReference; fileEncoding = 4; lastKnownFileType = file.xib; path = ISRecordsViewController.xib; sourceTree = "<group>"; };
		C56F97DA141065F5002FC302 /* ISRecordsViewController.m */ = {isa = PBXFileReference; fileEncoding = 4; lastKnownFileType = sourcecode.c.objc; path = ISRecordsViewController.m; sourceTree = "<group>"; };
		C56F97DB141065F5002FC302 /* ISRecordsViewController.h */ = {isa = PBXFileReference; fileEncoding = 4; lastKnownFileType = sourcecode.c.h; path = ISRecordsViewController.h; sourceTree = "<group>"; };
		C5720659140E602C00FD108F /* ISConfigViewController.m */ = {isa = PBXFileReference; fileEncoding = 4; lastKnownFileType = sourcecode.c.objc; path = ISConfigViewController.m; sourceTree = "<group>"; };
		C5720665140E60D900FD108F /* ISFloatingViewController.xib */ = {isa = PBXFileReference; fileEncoding = 4; lastKnownFileType = file.xib; path = ISFloatingViewController.xib; sourceTree = "<group>"; };
		C5720666140E60D900FD108F /* ISFloatingViewController.m */ = {isa = PBXFileReference; fileEncoding = 4; lastKnownFileType = sourcecode.c.objc; path = ISFloatingViewController.m; sourceTree = "<group>"; };
		C5720667140E60DA00FD108F /* ISFloatingViewController.h */ = {isa = PBXFileReference; fileEncoding = 4; lastKnownFileType = sourcecode.c.h; path = ISFloatingViewController.h; sourceTree = "<group>"; };
		C572066C140E66DD00FD108F /* ISSwitchViewController.xib */ = {isa = PBXFileReference; fileEncoding = 4; lastKnownFileType = file.xib; path = ISSwitchViewController.xib; sourceTree = "<group>"; };
		C57329C0140096B40061D973 /* ISHomeViewController.h */ = {isa = PBXFileReference; fileEncoding = 4; lastKnownFileType = sourcecode.c.h; lineEnding = 0; path = ISHomeViewController.h; sourceTree = "<group>"; xcLanguageSpecificationIdentifier = xcode.lang.objcpp; };
		C57329C1140096B40061D973 /* ISHomeViewController.m */ = {isa = PBXFileReference; fileEncoding = 4; lastKnownFileType = sourcecode.c.objc; path = ISHomeViewController.m; sourceTree = "<group>"; };
		C57329C2140096B40061D973 /* ISHomeViewController.xib */ = {isa = PBXFileReference; fileEncoding = 4; lastKnownFileType = file.xib; path = ISHomeViewController.xib; sourceTree = "<group>"; };
		C57329C514009A2F0061D973 /* ISConfigViewController.h */ = {isa = PBXFileReference; fileEncoding = 4; lastKnownFileType = sourcecode.c.h; path = ISConfigViewController.h; sourceTree = "<group>"; };
		C57329C714009A2F0061D973 /* ISConfigViewController.xib */ = {isa = PBXFileReference; fileEncoding = 4; lastKnownFileType = file.xib; path = ISConfigViewController.xib; sourceTree = "<group>"; };
		C573E5A4140355BF00BB24B3 /* CBMathUtils.h */ = {isa = PBXFileReference; fileEncoding = 4; lastKnownFileType = sourcecode.c.h; path = CBMathUtils.h; sourceTree = "<group>"; };
		C573E5A5140355BF00BB24B3 /* CBMathUtils.m */ = {isa = PBXFileReference; fileEncoding = 4; lastKnownFileType = sourcecode.c.objc; path = CBMathUtils.m; sourceTree = "<group>"; };
		C573E5BE1403A91500BB24B3 /* en */ = {isa = PBXFileReference; lastKnownFileType = text.plist.strings; name = en; path = en.lproj/Localizable.strings; sourceTree = "<group>"; };
		C573E5C81403BDBD00BB24B3 /* zh-Hans */ = {isa = PBXFileReference; lastKnownFileType = text.plist.strings; name = "zh-Hans"; path = "zh-Hans.lproj/Localizable.strings"; sourceTree = "<group>"; };
		C5882A8A140240F900EC29A6 /* CBEnvironmentUtils.h */ = {isa = PBXFileReference; fileEncoding = 4; lastKnownFileType = sourcecode.c.h; lineEnding = 0; path = CBEnvironmentUtils.h; sourceTree = "<group>"; xcLanguageSpecificationIdentifier = xcode.lang.objcpp; };
		C5882A8B140240F900EC29A6 /* CBEnvironmentUtils.m */ = {isa = PBXFileReference; fileEncoding = 4; lastKnownFileType = sourcecode.c.objc; lineEnding = 0; path = CBEnvironmentUtils.m; sourceTree = "<group>"; xcLanguageSpecificationIdentifier = xcode.lang.objc; };
		C5882A9614027EA700EC29A6 /* Requiremens.rtf */ = {isa = PBXFileReference; fileEncoding = 4; lastKnownFileType = text.rtf; path = Requiremens.rtf; sourceTree = "<group>"; };
		C5882A9A14032E9D00EC29A6 /* ISDummyTelephony.h */ = {isa = PBXFileReference; fileEncoding = 4; lastKnownFileType = sourcecode.c.h; path = ISDummyTelephony.h; sourceTree = "<group>"; };
		C5882A9B14032E9D00EC29A6 /* ISDummyTelephony.m */ = {isa = PBXFileReference; fileEncoding = 4; lastKnownFileType = sourcecode.c.objc; path = ISDummyTelephony.m; sourceTree = "<group>"; };
		C591DDBD1407810700CB2C63 /* iSignal.png */ = {isa = PBXFileReference; lastKnownFileType = image.png; path = iSignal.png; sourceTree = SOURCE_ROOT; };
		C591DDBE1407810700CB2C63 /* iSignalX2.png */ = {isa = PBXFileReference; lastKnownFileType = image.png; path = iSignalX2.png; sourceTree = SOURCE_ROOT; };
		C591DDC11407840F00CB2C63 /* Star32.png */ = {isa = PBXFileReference; lastKnownFileType = image.png; path = Star32.png; sourceTree = SOURCE_ROOT; };
		C591DDC31407846600CB2C63 /* Star32Highlight.png */ = {isa = PBXFileReference; lastKnownFileType = image.png; path = Star32Highlight.png; sourceTree = SOURCE_ROOT; };
		C5A36EE8142070AD00C9E4D0 /* CBListenable.h */ = {isa = PBXFileReference; fileEncoding = 4; lastKnownFileType = sourcecode.c.h; path = CBListenable.h; sourceTree = "<group>"; };
		C5AC052514EFEF0700AAD6FA /* ISMapAnnotation.h */ = {isa = PBXFileReference; fileEncoding = 4; lastKnownFileType = sourcecode.c.h; path = ISMapAnnotation.h; sourceTree = "<group>"; };
		C5B590BD140E488700A56CF0 /* CBLog.h */ = {isa = PBXFileReference; fileEncoding = 4; lastKnownFileType = sourcecode.c.h; path = CBLog.h; sourceTree = "<group>"; };
		C5B66184140CFE92000B1F74 /* CBLocationManager.h */ = {isa = PBXFileReference; fileEncoding = 4; lastKnownFileType = sourcecode.c.h; lineEnding = 0; path = CBLocationManager.h; sourceTree = "<group>"; xcLanguageSpecificationIdentifier = xcode.lang.objcpp; };
		C5B66185140CFE92000B1F74 /* CBLocationManager.m */ = {isa = PBXFileReference; fileEncoding = 4; lastKnownFileType = sourcecode.c.objc; lineEnding = 0; path = CBLocationManager.m; sourceTree = "<group>"; xcLanguageSpecificationIdentifier = xcode.lang.objc; };
		C5B66188140D0249000B1F74 /* CoreLocation.framework */ = {isa = PBXFileReference; lastKnownFileType = wrapper.framework; name = CoreLocation.framework; path = System/Library/Frameworks/CoreLocation.framework; sourceTree = SDKROOT; };
		C5B6618E140E2CDB000B1F74 /* CBModule.h */ = {isa = PBXFileReference; fileEncoding = 4; lastKnownFileType = sourcecode.c.h; lineEnding = 0; path = CBModule.h; sourceTree = "<group>"; xcLanguageSpecificationIdentifier = xcode.lang.objcpp; };
		C5B758211401E485004A051E /* CBUIUtils.h */ = {isa = PBXFileReference; fileEncoding = 4; lastKnownFileType = sourcecode.c.h; path = CBUIUtils.h; sourceTree = "<group>"; };
		C5B758221401E485004A051E /* CBUIUtils.m */ = {isa = PBXFileReference; fileEncoding = 4; lastKnownFileType = sourcecode.c.objc; path = CBUIUtils.m; sourceTree = "<group>"; };
		C5BAED82140153B100141ED7 /* ISSwitchViewController.h */ = {isa = PBXFileReference; fileEncoding = 4; lastKnownFileType = sourcecode.c.h; path = ISSwitchViewController.h; sourceTree = "<group>"; };
		C5BAED83140153B100141ED7 /* ISSwitchViewController.m */ = {isa = PBXFileReference; fileEncoding = 4; lastKnownFileType = sourcecode.c.objc; path = ISSwitchViewController.m; sourceTree = "<group>"; };
		C5BD38F6141EEF2200A1D4E6 /* CBFetchedResultsControllerIdentifier.h */ = {isa = PBXFileReference; fileEncoding = 4; lastKnownFileType = sourcecode.c.h; path = CBFetchedResultsControllerIdentifier.h; sourceTree = "<group>"; };
		C5BD38F7141EEF2200A1D4E6 /* CBFetchedResultsControllerIdentifier.m */ = {isa = PBXFileReference; fileEncoding = 4; lastKnownFileType = sourcecode.c.objc; path = CBFetchedResultsControllerIdentifier.m; sourceTree = "<group>"; };
		C5BD38FE141FA76300A1D4E6 /* CBObservable.h */ = {isa = PBXFileReference; fileEncoding = 4; lastKnownFileType = sourcecode.c.h; lineEnding = 0; path = CBObservable.h; sourceTree = "<group>"; xcLanguageSpecificationIdentifier = xcode.lang.objcpp; };
		C5BEB0181400C32F0083A86A /* ISHelpViewController.h */ = {isa = PBXFileReference; fileEncoding = 4; lastKnownFileType = sourcecode.c.h; path = ISHelpViewController.h; sourceTree = "<group>"; };
		C5BEB0191400C32F0083A86A /* ISHelpViewController.m */ = {isa = PBXFileReference; fileEncoding = 4; lastKnownFileType = sourcecode.c.objc; path = ISHelpViewController.m; sourceTree = "<group>"; };
		C5BEB01A1400C32F0083A86A /* ISHelpViewController.xib */ = {isa = PBXFileReference; fileEncoding = 4; lastKnownFileType = file.xib; path = ISHelpViewController.xib; sourceTree = "<group>"; };
		C5CD004614EFEC5000FC0D02 /* ISMapAnnotation.m */ = {isa = PBXFileReference; fileEncoding = 4; lastKnownFileType = sourcecode.c.objc; path = ISMapAnnotation.m; sourceTree = "<group>"; };
		C5CD42C213FF8826009C5741 /* iSignal.app */ = {isa = PBXFileReference; explicitFileType = wrapper.application; includeInIndex = 0; path = iSignal.app; sourceTree = BUILT_PRODUCTS_DIR; };
		C5CD42C613FF8826009C5741 /* UIKit.framework */ = {isa = PBXFileReference; lastKnownFileType = wrapper.framework; name = UIKit.framework; path = System/Library/Frameworks/UIKit.framework; sourceTree = SDKROOT; };
		C5CD42C813FF8826009C5741 /* Foundation.framework */ = {isa = PBXFileReference; lastKnownFileType = wrapper.framework; name = Foundation.framework; path = System/Library/Frameworks/Foundation.framework; sourceTree = SDKROOT; };
		C5CD42CA13FF8826009C5741 /* CoreGraphics.framework */ = {isa = PBXFileReference; lastKnownFileType = wrapper.framework; name = CoreGraphics.framework; path = System/Library/Frameworks/CoreGraphics.framework; sourceTree = SDKROOT; };
		C5CD42CC13FF8826009C5741 /* CoreData.framework */ = {isa = PBXFileReference; lastKnownFileType = wrapper.framework; name = CoreData.framework; path = System/Library/Frameworks/CoreData.framework; sourceTree = SDKROOT; };
		C5CD42D013FF8826009C5741 /* iSignal-Info.plist */ = {isa = PBXFileReference; lastKnownFileType = text.plist.xml; path = "iSignal-Info.plist"; sourceTree = "<group>"; };
		C5CD42D213FF8826009C5741 /* en */ = {isa = PBXFileReference; lastKnownFileType = text.plist.strings; name = en; path = en.lproj/InfoPlist.strings; sourceTree = "<group>"; };
		C5CD42D413FF8826009C5741 /* main.m */ = {isa = PBXFileReference; lastKnownFileType = sourcecode.c.objc; path = main.m; sourceTree = "<group>"; };
		C5CD42D613FF8826009C5741 /* iSignal-Prefix.pch */ = {isa = PBXFileReference; lastKnownFileType = sourcecode.c.h; path = "iSignal-Prefix.pch"; sourceTree = "<group>"; };
		C5CD42D713FF8826009C5741 /* iSignalAppDelegate.h */ = {isa = PBXFileReference; lastKnownFileType = sourcecode.c.h; path = iSignalAppDelegate.h; sourceTree = "<group>"; };
		C5CD42D813FF8826009C5741 /* iSignalAppDelegate.m */ = {isa = PBXFileReference; lastKnownFileType = sourcecode.c.objc; path = iSignalAppDelegate.m; sourceTree = "<group>"; };
		C5CD42DB13FF8826009C5741 /* en */ = {isa = PBXFileReference; lastKnownFileType = file.xib; name = en; path = en.lproj/MainWindow.xib; sourceTree = "<group>"; };
		C5CD42DE13FF8826009C5741 /* iSignal.xcdatamodel */ = {isa = PBXFileReference; lastKnownFileType = wrapper.xcdatamodel; path = iSignal.xcdatamodel; sourceTree = "<group>"; };
		C5E5D77014EBE786007E0F2D /* CBDateUtils.h */ = {isa = PBXFileReference; fileEncoding = 4; lastKnownFileType = sourcecode.c.h; path = CBDateUtils.h; sourceTree = "<group>"; };
		C5E5D77114EBE786007E0F2D /* CBDateUtils.m */ = {isa = PBXFileReference; fileEncoding = 4; lastKnownFileType = sourcecode.c.objc; path = CBDateUtils.m; sourceTree = "<group>"; };
		C5E6C8BB140F2D9400D81647 /* MapKit.framework */ = {isa = PBXFileReference; lastKnownFileType = wrapper.framework; name = MapKit.framework; path = System/Library/Frameworks/MapKit.framework; sourceTree = SDKROOT; };
/* End PBXFileReference section */

/* Begin PBXFrameworksBuildPhase section */
		C5CD42BF13FF8826009C5741 /* Frameworks */ = {
			isa = PBXFrameworksBuildPhase;
			buildActionMask = 2147483647;
			files = (
				C5E6C8BC140F2D9400D81647 /* MapKit.framework in Frameworks */,
				C5B66189140D0249000B1F74 /* CoreLocation.framework in Frameworks */,
				C569E3C014068B7F00BE938D /* AudioToolbox.framework in Frameworks */,
				C569E3BD14068B7700BE938D /* AVFoundation.framework in Frameworks */,
				C5CD42C713FF8826009C5741 /* UIKit.framework in Frameworks */,
				C5CD42C913FF8826009C5741 /* Foundation.framework in Frameworks */,
				C5CD42CB13FF8826009C5741 /* CoreGraphics.framework in Frameworks */,
				C5CD42CD13FF8826009C5741 /* CoreData.framework in Frameworks */,
			);
			runOnlyForDeploymentPostprocessing = 0;
		};
/* End PBXFrameworksBuildPhase section */

/* Begin PBXGroup section */
		C50B2B8E141122A700FA8D38 /* CoreData */ = {
			isa = PBXGroup;
			children = (
				C5CD42DD13FF8826009C5741 /* iSignal.xcdatamodeld */,
				C500B6BF14F220C500B5FBEA /* SignalRecord.h */,
				C500B6C014F220C500B5FBEA /* SignalRecord.m */,
			);
			name = CoreData;
			sourceTree = "<group>";
		};
		C591DDB01407723100CB2C63 /* Resources */ = {
			isa = PBXGroup;
			children = (
				C5B71C7A14FF352100CAE603 /* Images */,
				C531221C140B18560046CD7F /* signalLost.caf */,
			);
			name = Resources;
			sourceTree = "<group>";
		};
		C5B71C7A14FF352100CAE603 /* Images */ = {
			isa = PBXGroup;
			children = (
				C52871A714FF09F500B0630A /* Star128Gold.png */,
				C52871A814FF09F500B0630A /* Star128Gray.png */,
				C52871A914FF09F500B0630A /* Star128Black.png */,
				C52871AA14FF09F500B0630A /* noSignal256.png */,
				C591DDC31407846600CB2C63 /* Star32Highlight.png */,
				C591DDC11407840F00CB2C63 /* Star32.png */,
				C591DDBD1407810700CB2C63 /* iSignal.png */,
				C591DDBE1407810700CB2C63 /* iSignalX2.png */,
			);
			name = Images;
			sourceTree = "<group>";
		};
		C5B7581D1401E3AC004A051E /* Common */ = {
			isa = PBXGroup;
			children = (
				C5B590BD140E488700A56CF0 /* CBLog.h */,
				C52D7C971406481F00B7B0DA /* CBTelephonyUtils.h */,
				C52D7C981406481F00B7B0DA /* CBTelephonyUtils.m */,
				C5B758211401E485004A051E /* CBUIUtils.h */,
				C5B758221401E485004A051E /* CBUIUtils.m */,
				C5882A8A140240F900EC29A6 /* CBEnvironmentUtils.h */,
				C5882A8B140240F900EC29A6 /* CBEnvironmentUtils.m */,
				C573E5A4140355BF00BB24B3 /* CBMathUtils.h */,
				C573E5A5140355BF00BB24B3 /* CBMathUtils.m */,
				C5B66184140CFE92000B1F74 /* CBLocationManager.h */,
				C5B66185140CFE92000B1F74 /* CBLocationManager.m */,
				C5B6618E140E2CDB000B1F74 /* CBModule.h */,
				C5BD38F6141EEF2200A1D4E6 /* CBFetchedResultsControllerIdentifier.h */,
				C5BD38F7141EEF2200A1D4E6 /* CBFetchedResultsControllerIdentifier.m */,
				C5BD38FE141FA76300A1D4E6 /* CBObservable.h */,
				C5A36EE8142070AD00C9E4D0 /* CBListenable.h */,
				C5E5D77014EBE786007E0F2D /* CBDateUtils.h */,
				C5E5D77114EBE786007E0F2D /* CBDateUtils.m */,
			);
			name = Common;
			sourceTree = "<group>";
		};
		C5BEB01E1400C3500083A86A /* Classes */ = {
			isa = PBXGroup;
			children = (
				C5CD42D413FF8826009C5741 /* main.m */,
				C5027274140A2BA40013175B /* ISAppConfigs.m */,
				C5CD42D813FF8826009C5741 /* iSignalAppDelegate.m */,
				C547B44B1409D3690037B63F /* ISConfigSwitcherCell.m */,
				C53386DF1419A3D20000A553 /* ISCoreDataManager.m */,
				C5882A9B14032E9D00EC29A6 /* ISDummyTelephony.m */,
				C5720666140E60D900FD108F /* ISFloatingViewController.m */,
				C5BAED83140153B100141ED7 /* ISSwitchViewController.m */,
				C57329C1140096B40061D973 /* ISHomeViewController.m */,
				C5BEB0191400C32F0083A86A /* ISHelpViewController.m */,
				C5720659140E602C00FD108F /* ISConfigViewController.m */,
				C569E3DA14072B5B00BE938D /* ISSplashViewController.m */,
				C540250C140F74CD0047ABE3 /* ISMapViewController.m */,
				C56F97DA141065F5002FC302 /* ISRecordsViewController.m */,
				C5CD004614EFEC5000FC0D02 /* ISMapAnnotation.m */,
			);
			name = Classes;
			sourceTree = "<group>";
		};
		C5CD42B713FF8826009C5741 = {
			isa = PBXGroup;
			children = (
				C5CD42CE13FF8826009C5741 /* iSignal */,
				C5CD42C513FF8826009C5741 /* Frameworks */,
				C5CD42C313FF8826009C5741 /* Products */,
			);
			sourceTree = "<group>";
		};
		C5CD42C313FF8826009C5741 /* Products */ = {
			isa = PBXGroup;
			children = (
				C5CD42C213FF8826009C5741 /* iSignal.app */,
			);
			name = Products;
			sourceTree = "<group>";
		};
		C5CD42C513FF8826009C5741 /* Frameworks */ = {
			isa = PBXGroup;
			children = (
				C5E6C8BB140F2D9400D81647 /* MapKit.framework */,
				C5B66188140D0249000B1F74 /* CoreLocation.framework */,
				C569E3BF14068B7F00BE938D /* AudioToolbox.framework */,
				C569E3BC14068B7700BE938D /* AVFoundation.framework */,
				C5CD42C613FF8826009C5741 /* UIKit.framework */,
				C5CD42C813FF8826009C5741 /* Foundation.framework */,
				C5CD42CA13FF8826009C5741 /* CoreGraphics.framework */,
				C5CD42CC13FF8826009C5741 /* CoreData.framework */,
			);
			name = Frameworks;
			sourceTree = "<group>";
		};
		C5CD42CE13FF8826009C5741 /* iSignal */ = {
			isa = PBXGroup;
			children = (
				C5CD42E513FF886F009C5741 /* Headers */,
				C5BEB01E1400C3500083A86A /* Classes */,
				C50B2B8E141122A700FA8D38 /* CoreData */,
				C5CD42E613FF8879009C5741 /* UI */,
				C5B7581D1401E3AC004A051E /* Common */,
				C5CD42CF13FF8826009C5741 /* Configs */,
				C591DDB01407723100CB2C63 /* Resources */,
			);
			path = iSignal;
			sourceTree = "<group>";
		};
		C5CD42CF13FF8826009C5741 /* Configs */ = {
			isa = PBXGroup;
			children = (
				C573E5BD1403A91500BB24B3 /* Localizable.strings */,
				C5CD42D013FF8826009C5741 /* iSignal-Info.plist */,
				C5CD42D113FF8826009C5741 /* InfoPlist.strings */,
				C5CD42D613FF8826009C5741 /* iSignal-Prefix.pch */,
				C5882A9614027EA700EC29A6 /* Requiremens.rtf */,
			);
			name = Configs;
			sourceTree = "<group>";
		};
		C5CD42E513FF886F009C5741 /* Headers */ = {
			isa = PBXGroup;
			children = (
				C50F9D75140A1FA9000589BB /* ISAppConfigs.h */,
				C5CD42D713FF8826009C5741 /* iSignalAppDelegate.h */,
				C547B44A1409D3690037B63F /* ISConfigSwitcherCell.h */,
				C53386DE1419A3D20000A553 /* ISCoreDataManager.h */,
				C5882A9A14032E9D00EC29A6 /* ISDummyTelephony.h */,
				C5720667140E60DA00FD108F /* ISFloatingViewController.h */,
				C5BAED82140153B100141ED7 /* ISSwitchViewController.h */,
				C57329C0140096B40061D973 /* ISHomeViewController.h */,
				C5BEB0181400C32F0083A86A /* ISHelpViewController.h */,
				C57329C514009A2F0061D973 /* ISConfigViewController.h */,
				C569E3D914072B5B00BE938D /* ISSplashViewController.h */,
				C540250B140F74CD0047ABE3 /* ISMapViewController.h */,
				C56F97DB141065F5002FC302 /* ISRecordsViewController.h */,
				C5AC052514EFEF0700AAD6FA /* ISMapAnnotation.h */,
			);
			name = Headers;
			sourceTree = "<group>";
		};
		C5CD42E613FF8879009C5741 /* UI */ = {
			isa = PBXGroup;
			children = (
				C5CD42DA13FF8826009C5741 /* MainWindow.xib */,
				C547B44E1409D3C70037B63F /* ISConfigSwitcherCell.xib */,
				C572066C140E66DD00FD108F /* ISSwitchViewController.xib */,
				C5720665140E60D900FD108F /* ISFloatingViewController.xib */,
				C57329C2140096B40061D973 /* ISHomeViewController.xib */,
				C57329C714009A2F0061D973 /* ISConfigViewController.xib */,
				C5BEB01A1400C32F0083A86A /* ISHelpViewController.xib */,
				C569E3DB14072B5B00BE938D /* ISSplashViewController.xib */,
				C540250D140F74CD0047ABE3 /* ISMapViewController.xib */,
				C56F97D9141065F5002FC302 /* ISRecordsViewController.xib */,
			);
			name = UI;
			sourceTree = "<group>";
		};
/* End PBXGroup section */

/* Begin PBXNativeTarget section */
		C5CD42C113FF8826009C5741 /* iSignal */ = {
			isa = PBXNativeTarget;
			buildConfigurationList = C5CD42E213FF8826009C5741 /* Build configuration list for PBXNativeTarget "iSignal" */;
			buildPhases = (
				C5CD42BE13FF8826009C5741 /* Sources */,
				C5CD42BF13FF8826009C5741 /* Frameworks */,
				C5CD42C013FF8826009C5741 /* Resources */,
				C57529EC144D316500362A8B /* ShellScript */,
			);
			buildRules = (
			);
			dependencies = (
			);
			name = iSignal;
			productName = iSignal;
			productReference = C5CD42C213FF8826009C5741 /* iSignal.app */;
			productType = "com.apple.product-type.application";
		};
/* End PBXNativeTarget section */

/* Begin PBXProject section */
		C5CD42B913FF8826009C5741 /* Project object */ = {
			isa = PBXProject;
			attributes = {
				LastUpgradeCheck = 0430;
				ORGANIZATIONNAME = CodeBeaver;
			};
			buildConfigurationList = C5CD42BC13FF8826009C5741 /* Build configuration list for PBXProject "iSignal" */;
			compatibilityVersion = "Xcode 3.2";
			developmentRegion = English;
			hasScannedForEncodings = 0;
			knownRegions = (
				en,
				"zh-Hans",
			);
			mainGroup = C5CD42B713FF8826009C5741;
			productRefGroup = C5CD42C313FF8826009C5741 /* Products */;
			projectDirPath = "";
			projectRoot = "";
			targets = (
				C5CD42C113FF8826009C5741 /* iSignal */,
			);
		};
/* End PBXProject section */

/* Begin PBXResourcesBuildPhase section */
		C5CD42C013FF8826009C5741 /* Resources */ = {
			isa = PBXResourcesBuildPhase;
			buildActionMask = 2147483647;
			files = (
				C5CD42D313FF8826009C5741 /* InfoPlist.strings in Resources */,
				C5CD42DC13FF8826009C5741 /* MainWindow.xib in Resources */,
				C57329C4140096B40061D973 /* ISHomeViewController.xib in Resources */,
				C57329C914009A2F0061D973 /* ISConfigViewController.xib in Resources */,
				C5BEB01C1400C32F0083A86A /* ISHelpViewController.xib in Resources */,
				C5882A9714027EA700EC29A6 /* Requiremens.rtf in Resources */,
				C573E5BF1403A91500BB24B3 /* Localizable.strings in Resources */,
				C569E3DD14072B5B00BE938D /* ISSplashViewController.xib in Resources */,
				C591DDC21407840F00CB2C63 /* Star32.png in Resources */,
				C591DDC41407846600CB2C63 /* Star32Highlight.png in Resources */,
				C547B44F1409D3C70037B63F /* ISConfigSwitcherCell.xib in Resources */,
				C50F9D6B1409E44B000589BB /* iSignal.png in Resources */,
				C50F9D6C1409E450000589BB /* iSignalX2.png in Resources */,
				C531221D140B18560046CD7F /* signalLost.caf in Resources */,
				C572066A140E60DA00FD108F /* ISFloatingViewController.xib in Resources */,
				C572066D140E66DD00FD108F /* ISSwitchViewController.xib in Resources */,
				C540250F140F74CD0047ABE3 /* ISMapViewController.xib in Resources */,
				C56F97DC141065F5002FC302 /* ISRecordsViewController.xib in Resources */,
				C52871AB14FF09F500B0630A /* Star128Gold.png in Resources */,
				C52871AC14FF09F500B0630A /* Star128Gray.png in Resources */,
				C52871AD14FF09F500B0630A /* Star128Black.png in Resources */,
				C52871AE14FF09F500B0630A /* noSignal256.png in Resources */,
			);
			runOnlyForDeploymentPostprocessing = 0;
		};
/* End PBXResourcesBuildPhase section */

/* Begin PBXShellScriptBuildPhase section */
		C57529EC144D316500362A8B /* ShellScript */ = {
			isa = PBXShellScriptBuildPhase;
			buildActionMask = 2147483647;
			files = (
			);
			inputPaths = (
			);
			outputPaths = (
			);
			runOnlyForDeploymentPostprocessing = 0;
			shellPath = /bin/sh;
			shellScript = "export CODESIGN_ALLOCATE=/Developer/Platforms/iPhoneOS.platform/Developer/usr/bin/codesign_allocate\nif [ \"${PLATFORM_NAME}\" == \"iphoneos\" ]; then\n/Developer/xcode-crack/gen_entitlements.py \"my.company.${PROJECT_NAME}\" \"${BUILT_PRODUCTS_DIR}/${WRAPPER_NAME}/${PROJECT_NAME}.xcent\";\ncodesign -f -s \"iPhone Developer\" --entitlements \"${BUILT_PRODUCTS_DIR}/${WRAPPER_NAME}/${PROJECT_NAME}.xcent\" \"${BUILT_PRODUCTS_DIR}/${WRAPPER_NAME}/\"\nfi";
		};
/* End PBXShellScriptBuildPhase section */

/* Begin PBXSourcesBuildPhase section */
		C5CD42BE13FF8826009C5741 /* Sources */ = {
			isa = PBXSourcesBuildPhase;
			buildActionMask = 2147483647;
			files = (
				C5CD42D513FF8826009C5741 /* main.m in Sources */,
				C5CD42D913FF8826009C5741 /* iSignalAppDelegate.m in Sources */,
				C5CD42DF13FF8826009C5741 /* iSignal.xcdatamodeld in Sources */,
				C57329C3140096B40061D973 /* ISHomeViewController.m in Sources */,
				C5BEB01B1400C32F0083A86A /* ISHelpViewController.m in Sources */,
				C5BAED85140153B100141ED7 /* ISSwitchViewController.m in Sources */,
				C5B758231401E485004A051E /* CBUIUtils.m in Sources */,
				C5882A8C140240F900EC29A6 /* CBEnvironmentUtils.m in Sources */,
				C5882A9C14032E9D00EC29A6 /* ISDummyTelephony.m in Sources */,
				C573E5A6140355BF00BB24B3 /* CBMathUtils.m in Sources */,
				C52D7C991406481F00B7B0DA /* CBTelephonyUtils.m in Sources */,
				C569E3DC14072B5B00BE938D /* ISSplashViewController.m in Sources */,
				C547B44C1409D3690037B63F /* ISConfigSwitcherCell.m in Sources */,
				C5027275140A2BA40013175B /* ISAppConfigs.m in Sources */,
				C5B66186140CFE92000B1F74 /* CBLocationManager.m in Sources */,
				C572065A140E602C00FD108F /* ISConfigViewController.m in Sources */,
				C572066B140E60DA00FD108F /* ISFloatingViewController.m in Sources */,
				C540250E140F74CD0047ABE3 /* ISMapViewController.m in Sources */,
				C56F97DD141065F5002FC302 /* ISRecordsViewController.m in Sources */,
				C53386E01419A3D20000A553 /* ISCoreDataManager.m in Sources */,
				C5BD38F8141EEF2200A1D4E6 /* CBFetchedResultsControllerIdentifier.m in Sources */,
				C5E5D77214EBE786007E0F2D /* CBDateUtils.m in Sources */,
				C5CD004714EFEC5000FC0D02 /* ISMapAnnotation.m in Sources */,
				C500B6C114F220C500B5FBEA /* SignalRecord.m in Sources */,
			);
			runOnlyForDeploymentPostprocessing = 0;
		};
/* End PBXSourcesBuildPhase section */

/* Begin PBXVariantGroup section */
		C573E5BD1403A91500BB24B3 /* Localizable.strings */ = {
			isa = PBXVariantGroup;
			children = (
				C573E5BE1403A91500BB24B3 /* en */,
				C573E5C81403BDBD00BB24B3 /* zh-Hans */,
			);
			name = Localizable.strings;
			sourceTree = "<group>";
		};
		C5CD42D113FF8826009C5741 /* InfoPlist.strings */ = {
			isa = PBXVariantGroup;
			children = (
				C5CD42D213FF8826009C5741 /* en */,
			);
			name = InfoPlist.strings;
			sourceTree = "<group>";
		};
		C5CD42DA13FF8826009C5741 /* MainWindow.xib */ = {
			isa = PBXVariantGroup;
			children = (
				C5CD42DB13FF8826009C5741 /* en */,
			);
			name = MainWindow.xib;
			sourceTree = "<group>";
		};
/* End PBXVariantGroup section */

/* Begin XCBuildConfiguration section */
		C5CD42E013FF8826009C5741 /* Debug */ = {
			isa = XCBuildConfiguration;
			buildSettings = {
				ALWAYS_SEARCH_USER_PATHS = NO;
				ARCHS = "$(ARCHS_STANDARD_32_BIT)";
				CODE_SIGN_IDENTITY = "Don't Code Sign";
				"CODE_SIGN_IDENTITY[sdk=*]" = "Don't Code Sign";
				"CODE_SIGN_IDENTITY[sdk=iphoneos*]" = "Don't Code Sign";
				COPY_PHASE_STRIP = NO;
				GCC_C_LANGUAGE_STANDARD = gnu99;
				GCC_DYNAMIC_NO_PIC = NO;
				GCC_OPTIMIZATION_LEVEL = 0;
				GCC_PREPROCESSOR_DEFINITIONS = (
					"DEBUG=1",
					"$(inherited)",
				);
				GCC_SYMBOLS_PRIVATE_EXTERN = NO;
				GCC_VERSION = com.apple.compilers.llvmgcc42;
				GCC_WARN_ABOUT_MISSING_PROTOTYPES = YES;
				GCC_WARN_ABOUT_RETURN_TYPE = YES;
				GCC_WARN_UNUSED_VARIABLE = YES;
				IPHONEOS_DEPLOYMENT_TARGET = 5.0;
				PROVISIONING_PROFILE = "";
				"PROVISIONING_PROFILE[sdk=*]" = "";
				"PROVISIONING_PROFILE[sdk=iphoneos*]" = "";
				SDKROOT = iphoneos;
			};
			name = Debug;
		};
		C5CD42E113FF8826009C5741 /* Release */ = {
			isa = XCBuildConfiguration;
			buildSettings = {
				ALWAYS_SEARCH_USER_PATHS = NO;
				ARCHS = "$(ARCHS_STANDARD_32_BIT)";
				CODE_SIGN_IDENTITY = "Don't Code Sign";
				"CODE_SIGN_IDENTITY[sdk=*]" = "Don't Code Sign";
				COPY_PHASE_STRIP = YES;
				GCC_C_LANGUAGE_STANDARD = gnu99;
				GCC_VERSION = com.apple.compilers.llvmgcc42;
				GCC_WARN_ABOUT_MISSING_PROTOTYPES = YES;
				GCC_WARN_ABOUT_RETURN_TYPE = YES;
				GCC_WARN_UNUSED_VARIABLE = YES;
				IPHONEOS_DEPLOYMENT_TARGET = 5.0;
				OTHER_CFLAGS = "-DNS_BLOCK_ASSERTIONS=1";
				PROVISIONING_PROFILE = "";
				"PROVISIONING_PROFILE[sdk=*]" = "";
				SDKROOT = iphoneos;
				VALIDATE_PRODUCT = YES;
			};
			name = Release;
		};
		C5CD42E313FF8826009C5741 /* Debug */ = {
			isa = XCBuildConfiguration;
			buildSettings = {
				"CODE_SIGN_IDENTITY[sdk=iphoneos*]" = "";
				GCC_PRECOMPILE_PREFIX_HEADER = YES;
				GCC_PREFIX_HEADER = "iSignal/iSignal-Prefix.pch";
				GCC_VERSION = com.apple.compilers.llvm.clang.1_0;
				INFOPLIST_FILE = "iSignal/iSignal-Info.plist";
				IPHONEOS_DEPLOYMENT_TARGET = 5.0;
				PRODUCT_NAME = "$(TARGET_NAME)";
				"PROVISIONING_PROFILE[sdk=iphoneos*]" = "";
				WRAPPER_EXTENSION = app;
			};
			name = Debug;
		};
		C5CD42E413FF8826009C5741 /* Release */ = {
			isa = XCBuildConfiguration;
			buildSettings = {
				GCC_PRECOMPILE_PREFIX_HEADER = YES;
				GCC_PREFIX_HEADER = "iSignal/iSignal-Prefix.pch";
				GCC_VERSION = com.apple.compilers.llvm.clang.1_0;
				INFOPLIST_FILE = "iSignal/iSignal-Info.plist";
				IPHONEOS_DEPLOYMENT_TARGET = 5.0;
				PRODUCT_NAME = "$(TARGET_NAME)";
				WRAPPER_EXTENSION = app;
			};
			name = Release;
		};
/* End XCBuildConfiguration section */

/* Begin XCConfigurationList section */
		C5CD42BC13FF8826009C5741 /* Build configuration list for PBXProject "iSignal" */ = {
			isa = XCConfigurationList;
			buildConfigurations = (
				C5CD42E013FF8826009C5741 /* Debug */,
				C5CD42E113FF8826009C5741 /* Release */,
			);
			defaultConfigurationIsVisible = 0;
			defaultConfigurationName = Release;
		};
		C5CD42E213FF8826009C5741 /* Build configuration list for PBXNativeTarget "iSignal" */ = {
			isa = XCConfigurationList;
			buildConfigurations = (
				C5CD42E313FF8826009C5741 /* Debug */,
				C5CD42E413FF8826009C5741 /* Release */,
			);
			defaultConfigurationIsVisible = 0;
			defaultConfigurationName = Release;
		};
/* End XCConfigurationList section */

/* Begin XCVersionGroup section */
		C5CD42DD13FF8826009C5741 /* iSignal.xcdatamodeld */ = {
			isa = XCVersionGroup;
			children = (
				C5CD42DE13FF8826009C5741 /* iSignal.xcdatamodel */,
			);
			currentVersion = C5CD42DE13FF8826009C5741 /* iSignal.xcdatamodel */;
			path = iSignal.xcdatamodeld;
			sourceTree = "<group>";
			versionGroupType = wrapper.xcdatamodel;
		};
/* End XCVersionGroup section */
	};
	rootObject = C5CD42B913FF8826009C5741 /* Project object */;
}
